
Microsoft Visual Studio Solution File, Format Version 12.00
# Visual Studio Version 16
VisualStudioVersion = 16.0.29613.14
MinimumVisualStudioVersion = 10.0.40219.1
Project("{9A19103F-16F7-4668-BE54-9A1E7A4F7556}") = "arithmetic", "arithmetic\arithmetic.csproj", "{B404F985-DC8F-4BDC-BCC8-7651D2836CC0}"
EndProject
Project("{FAE04EC0-301F-11D3-BF4B-00C04F79EFBC}") = "passing-values", "passing-values\passing-values.csproj", "{C158E410-A9C1-43F0-8CE8-5288D82874CE}"
EndProject
Global
	GlobalSection(SolutionConfigurationPlatforms) = preSolution
		Debug|Any CPU = Debug|Any CPU
		Release|Any CPU = Release|Any CPU
	EndGlobalSection
	GlobalSection(ProjectConfigurationPlatforms) = postSolution
		{B404F985-DC8F-4BDC-BCC8-7651D2836CC0}.Debug|Any CPU.ActiveCfg = Debug|Any CPU
		{B404F985-DC8F-4BDC-BCC8-7651D2836CC0}.Debug|Any CPU.Build.0 = Debug|Any CPU
		{B404F985-DC8F-4BDC-BCC8-7651D2836CC0}.Release|Any CPU.ActiveCfg = Release|Any CPU
		{B404F985-DC8F-4BDC-BCC8-7651D2836CC0}.Release|Any CPU.Build.0 = Release|Any CPU
		{C158E410-A9C1-43F0-8CE8-5288D82874CE}.Debug|Any CPU.ActiveCfg = Debug|Any CPU
		{C158E410-A9C1-43F0-8CE8-5288D82874CE}.Debug|Any CPU.Build.0 = Debug|Any CPU
		{C158E410-A9C1-43F0-8CE8-5288D82874CE}.Release|Any CPU.ActiveCfg = Release|Any CPU
		{C158E410-A9C1-43F0-8CE8-5288D82874CE}.Release|Any CPU.Build.0 = Release|Any CPU
	EndGlobalSection
	GlobalSection(SolutionProperties) = preSolution
		HideSolutionNode = FALSE
	EndGlobalSection
	GlobalSection(ExtensibilityGlobals) = postSolution
		SolutionGuid = {5560E070-9632-49CB-83E5-3B5107639377}
	EndGlobalSection
EndGlobal
